
Microsoft Visual Studio Solution File, Format Version 12.00
# Visual Studio Version 17
VisualStudioVersion = 17.5.33516.290
MinimumVisualStudioVersion = 10.0.40219.1
Project("{FAE04EC0-301F-11D3-BF4B-00C04F79EFBC}") = "Henranca", "Henranca\Henranca.csproj", "{97D8BDBB-D137-4C2A-B670-8FBD643FECC4}"
EndProject
Project("{FAE04EC0-301F-11D3-BF4B-00C04F79EFBC}") = "Polimorfismo", "Polimorfismo\Polimorfismo.csproj", "{73D3A6DE-D0A1-4479-B063-A448268B0011}"
EndProject
Project("{FAE04EC0-301F-11D3-BF4B-00C04F79EFBC}") = "Interface", "Interface\Interface.csproj", "{8B657D51-EDC8-4977-8B32-C4EC03EBD344}"
EndProject
Project("{FAE04EC0-301F-11D3-BF4B-00C04F79EFBC}") = "Encapsulamento", "Encapsulamento\Encapsulamento.csproj", "{58E936F1-6C1E-47D2-9930-A1C401F936E4}"
EndProject
Global
	GlobalSection(SolutionConfigurationPlatforms) = preSolution
		Debug|Any CPU = Debug|Any CPU
		Release|Any CPU = Release|Any CPU
	EndGlobalSection
	GlobalSection(ProjectConfigurationPlatforms) = postSolution
		{97D8BDBB-D137-4C2A-B670-8FBD643FECC4}.Debug|Any CPU.ActiveCfg = Debug|Any CPU
		{97D8BDBB-D137-4C2A-B670-8FBD643FECC4}.Debug|Any CPU.Build.0 = Debug|Any CPU
		{97D8BDBB-D137-4C2A-B670-8FBD643FECC4}.Release|Any CPU.ActiveCfg = Release|Any CPU
		{97D8BDBB-D137-4C2A-B670-8FBD643FECC4}.Release|Any CPU.Build.0 = Release|Any CPU
		{73D3A6DE-D0A1-4479-B063-A448268B0011}.Debug|Any CPU.ActiveCfg = Debug|Any CPU
		{73D3A6DE-D0A1-4479-B063-A448268B0011}.Debug|Any CPU.Build.0 = Debug|Any CPU
		{73D3A6DE-D0A1-4479-B063-A448268B0011}.Release|Any CPU.ActiveCfg = Release|Any CPU
		{73D3A6DE-D0A1-4479-B063-A448268B0011}.Release|Any CPU.Build.0 = Release|Any CPU
		{8B657D51-EDC8-4977-8B32-C4EC03EBD344}.Debug|Any CPU.ActiveCfg = Debug|Any CPU
		{8B657D51-EDC8-4977-8B32-C4EC03EBD344}.Debug|Any CPU.Build.0 = Debug|Any CPU
		{8B657D51-EDC8-4977-8B32-C4EC03EBD344}.Release|Any CPU.ActiveCfg = Release|Any CPU
		{8B657D51-EDC8-4977-8B32-C4EC03EBD344}.Release|Any CPU.Build.0 = Release|Any CPU
		{58E936F1-6C1E-47D2-9930-A1C401F936E4}.Debug|Any CPU.ActiveCfg = Debug|Any CPU
		{58E936F1-6C1E-47D2-9930-A1C401F936E4}.Debug|Any CPU.Build.0 = Debug|Any CPU
		{58E936F1-6C1E-47D2-9930-A1C401F936E4}.Release|Any CPU.ActiveCfg = Release|Any CPU
		{58E936F1-6C1E-47D2-9930-A1C401F936E4}.Release|Any CPU.Build.0 = Release|Any CPU
	EndGlobalSection
	GlobalSection(SolutionProperties) = preSolution
		HideSolutionNode = FALSE
	EndGlobalSection
	GlobalSection(ExtensibilityGlobals) = postSolution
		SolutionGuid = {2CAD7789-CE42-4EB2-A715-B7F337543BBB}
	EndGlobalSection
EndGlobal
